{
    "_meta": {
        "hash": {
            "sha256": "ab90f0bb86c9baa798b2cae714744b67250c2f7e0fc10b2ab0f18583397c127f"
        },
        "pipfile-spec": 6,
        "requires": {
            "python_version": "3.7"
        },
        "sources": [
            {
                "name": "pypi",
                "url": "https://pypi.org/simple",
                "verify_ssl": true
            }
        ]
    },
    "default": {
        "asn1crypto": {
            "hashes": [
                "sha256:2f1adbb7546ed199e3c90ef23ec95c5cf3585bac7d11fb7eb562a3fe89c64e87",
                "sha256:9d5c20441baf0cb60a4ac34cc447c6c189024b6b4c6cd7877034f4965c464e49"
            ],
            "version": "==0.24.0"
        },
        "blinker": {
            "hashes": [
                "sha256:471aee25f3992bd325afa3772f1063dbdbbca947a041b8b89466dc00d606f8b6"
            ],
            "version": "==1.4"
        },
        "boto3": {
            "hashes": [
                "sha256:2152e0da8098665e6a03bbbde1de1b4fafdef7151010d1f0e53693a3f2a1deb0",
                "sha256:323660fd1aa9c95fe90003f44c5fc37cbb891a8b506fa346967d14edcbcb90a4"
            ],
            "index": "pypi",
            "version": "==1.9.4"
        },
        "botocore": {
            "hashes": [
                "sha256:3b2cab368572ee987a6236321ddea491e4253c819009c87ebc9e42e60371e3ae",
                "sha256:7834eba53c6bedea21eb76f25a39e477dede3a24aeb51ff19c0248ea8348f007"
            ],
            "version": "==1.12.4"
        },
        "brotlipy": {
            "hashes": [
                "sha256:07194f4768eb62a4f4ea76b6d0df6ade185e24ebd85877c351daa0a069f1111a",
                "sha256:091b299bf36dd6ef7a06570dbc98c0f80a504a56c5b797f31934d2ad01ae7d17",
                "sha256:09ec3e125d16749b31c74f021aba809541b3564e5359f8c265cbae442810b41a",
                "sha256:0be698678a114addcf87a4b9496c552c68a2c99bf93cf8e08f5738b392e82057",
                "sha256:0fa6088a9a87645d43d7e21e32b4a6bf8f7c3939015a50158c10972aa7f425b7",
                "sha256:1ea4e578241504b58f2456a6c69952c88866c794648bdc74baee74839da61d44",
                "sha256:2699945a0a992c04fc7dc7fa2f1d0575a2c8b4b769f2874a08e8eae46bef36ae",
                "sha256:2a80319ae13ea8dd60ecdc4f5ccf6da3ae64787765923256b62c598c5bba4121",
                "sha256:2e5c64522364a9ebcdf47c5744a5ddeb3f934742d31e61ebfbbc095460b47162",
                "sha256:36def0b859beaf21910157b4c33eb3b06d8ce459c942102f16988cca6ea164df",
                "sha256:3a3e56ced8b15fbbd363380344f70f3b438e0fd1fcf27b7526b6172ea950e867",
                "sha256:3c1d5e2cf945a46975bdb11a19257fa057b67591eb232f393d260e7246d9e571",
                "sha256:50ca336374131cfad20612f26cc43c637ac0bfd2be3361495e99270883b52962",
                "sha256:5de6f7d010b7558f72f4b061a07395c5c3fd57f0285c5af7f126a677b976a868",
                "sha256:637847560d671657f993313ecc6c6c6666a936b7a925779fd044065c7bc035b9",
                "sha256:653faef61241bf8bf99d73ca7ec4baa63401ba7b2a2aa88958394869379d67c7",
                "sha256:786afc8c9bd67de8d31f46e408a3386331e126829114e4db034f91eacb05396d",
                "sha256:79aaf217072840f3e9a3b641cccc51f7fc23037496bd71e26211856b93f4b4cb",
                "sha256:7e31f7adcc5851ca06134705fcf3478210da45d35ad75ec181e1ce9ce345bb38",
                "sha256:8b39abc3256c978f575df5cd7893153277216474f303e26f0e43ba3d3969ef96",
                "sha256:9448227b0df082e574c45c983fa5cd4bda7bfb11ea6b59def0940c1647be0c3c",
                "sha256:96bc59ff9b5b5552843dc67999486a220e07a0522dddd3935da05dc194fa485c",
                "sha256:a07647886e24e2fb2d68ca8bf3ada398eb56fd8eac46c733d4d95c64d17f743b",
                "sha256:af65d2699cb9f13b26ec3ba09e75e80d31ff422c03675fcb36ee4dabe588fdc2",
                "sha256:b4c98b0d2c9c7020a524ca5bbff42027db1004c6571f8bc7b747f2b843128e7a",
                "sha256:c6cc0036b1304dd0073eec416cb2f6b9e37ac8296afd9e481cac3b1f07f9db25",
                "sha256:d2c1c724c4ac375feb2110f1af98ecdc0e5a8ea79d068efb5891f621a5b235cb",
                "sha256:dc6c5ee0df9732a44d08edab32f8a616b769cc5a4155a12d2d010d248eb3fb07",
                "sha256:fd1d1c64214af5d90014d82cee5d8141b13d44c92ada7a0c0ec0679c6f15a471"
            ],
            "version": "==0.7.0"
        },
        "certifi": {
            "hashes": [
                "sha256:376690d6f16d32f9d1fe8932551d80b23e9d393a8578c5633a2ed39a64861638",
                "sha256:456048c7e371c089d0a77a5212fb37a2c2dce1e24146e3b7e0261736aaeaa22a"
            ],
            "version": "==2018.8.24"
        },
        "cffi": {
            "hashes": [
                "sha256:151b7eefd035c56b2b2e1eb9963c90c6302dc15fbd8c1c0a83a163ff2c7d7743",
                "sha256:1553d1e99f035ace1c0544050622b7bc963374a00c467edafac50ad7bd276aef",
                "sha256:1b0493c091a1898f1136e3f4f991a784437fac3673780ff9de3bcf46c80b6b50",
                "sha256:2ba8a45822b7aee805ab49abfe7eec16b90587f7f26df20c71dd89e45a97076f",
                "sha256:3bb6bd7266598f318063e584378b8e27c67de998a43362e8fce664c54ee52d30",
                "sha256:3c85641778460581c42924384f5e68076d724ceac0f267d66c757f7535069c93",
                "sha256:3eb6434197633b7748cea30bf0ba9f66727cdce45117a712b29a443943733257",
                "sha256:495c5c2d43bf6cebe0178eb3e88f9c4aa48d8934aa6e3cddb865c058da76756b",
                "sha256:4c91af6e967c2015729d3e69c2e51d92f9898c330d6a851bf8f121236f3defd3",
                "sha256:57b2533356cb2d8fac1555815929f7f5f14d68ac77b085d2326b571310f34f6e",
                "sha256:770f3782b31f50b68627e22f91cb182c48c47c02eb405fd689472aa7b7aa16dc",
                "sha256:79f9b6f7c46ae1f8ded75f68cf8ad50e5729ed4d590c74840471fc2823457d04",
                "sha256:7a33145e04d44ce95bcd71e522b478d282ad0eafaf34fe1ec5bbd73e662f22b6",
                "sha256:857959354ae3a6fa3da6651b966d13b0a8bed6bbc87a0de7b38a549db1d2a359",
                "sha256:87f37fe5130574ff76c17cab61e7d2538a16f843bb7bca8ebbc4b12de3078596",
                "sha256:95d5251e4b5ca00061f9d9f3d6fe537247e145a8524ae9fd30a2f8fbce993b5b",
                "sha256:9d1d3e63a4afdc29bd76ce6aa9d58c771cd1599fbba8cf5057e7860b203710dd",
                "sha256:a36c5c154f9d42ec176e6e620cb0dd275744aa1d804786a71ac37dc3661a5e95",
                "sha256:a6a5cb8809091ec9ac03edde9304b3ad82ad4466333432b16d78ef40e0cce0d5",
                "sha256:ae5e35a2c189d397b91034642cb0eab0e346f776ec2eb44a49a459e6615d6e2e",
                "sha256:b0f7d4a3df8f06cf49f9f121bead236e328074de6449866515cea4907bbc63d6",
                "sha256:b75110fb114fa366b29a027d0c9be3709579602ae111ff61674d28c93606acca",
                "sha256:ba5e697569f84b13640c9e193170e89c13c6244c24400fc57e88724ef610cd31",
                "sha256:be2a9b390f77fd7676d80bc3cdc4f8edb940d8c198ed2d8c0be1319018c778e1",
                "sha256:ca1bd81f40adc59011f58159e4aa6445fc585a32bb8ac9badf7a2c1aa23822f2",
                "sha256:d5d8555d9bfc3f02385c1c37e9f998e2011f0db4f90e250e5bc0c0a85a813085",
                "sha256:e55e22ac0a30023426564b1059b035973ec82186ddddbac867078435801c7801",
                "sha256:e90f17980e6ab0f3c2f3730e56d1fe9bcba1891eeea58966e89d352492cc74f4",
                "sha256:ecbb7b01409e9b782df5ded849c178a0aa7c906cf8c5a67368047daab282b184",
                "sha256:ed01918d545a38998bfa5902c7c00e0fee90e957ce036a4000a88e3fe2264917",
                "sha256:edabd457cd23a02965166026fd9bfd196f4324fe6032e866d0f3bd0301cd486f",
                "sha256:fdf1c1dc5bafc32bc5d08b054f94d659422b05aba244d6be4ddc1c72d9aa70fb"
            ],
            "markers": "platform_python_implementation != 'PyPy'",
            "version": "==1.11.5"
        },
        "chardet": {
            "hashes": [
                "sha256:84ab92ed1c4d4f16916e05906b6b75a6c0fb5db821cc65e70cbd64a3e2a5eaae",
                "sha256:fc323ffcaeaed0e0a02bf4d117757b98aed530d9ed4531e3e15460124c106691"
            ],
            "version": "==3.0.4"
        },
        "click": {
            "hashes": [
                "sha256:29f99fc6125fbc931b758dc053b3114e55c77a6e4c6c3a2674a2dc986016381d",
                "sha256:f15516df478d5a56180fbf80e68f206010e6d160fc39fa508b65e035fd75130b"
            ],
            "version": "==6.7"
        },
        "cryptography": {
            "hashes": [
                "sha256:02602e1672b62e803e08617ec286041cc453e8d43f093a5f4162095506bc0beb",
                "sha256:10b48e848e1edb93c1d3b797c83c72b4c387ab0eb4330aaa26da8049a6cbede0",
                "sha256:17db09db9d7c5de130023657be42689d1a5f60502a14f6f745f6f65a6b8195c0",
                "sha256:227da3a896df1106b1a69b1e319dce218fa04395e8cc78be7e31ca94c21254bc",
                "sha256:2cbaa03ac677db6c821dac3f4cdfd1461a32d0615847eedbb0df54bb7802e1f7",
                "sha256:31db8febfc768e4b4bd826750a70c79c99ea423f4697d1dab764eb9f9f849519",
                "sha256:4a510d268e55e2e067715d728e4ca6cd26a8e9f1f3d174faf88e6f2cb6b6c395",
                "sha256:6a88d9004310a198c474d8a822ee96a6dd6c01efe66facdf17cb692512ae5bc0",
                "sha256:76936ec70a9b72eb8c58314c38c55a0336a2b36de0c7ee8fb874a4547cadbd39",
                "sha256:7e3b4aecc4040928efa8a7cdaf074e868af32c58ffc9bb77e7bf2c1a16783286",
                "sha256:8168bcb08403ef144ff1fb880d416f49e2728101d02aaadfe9645883222c0aa5",
                "sha256:8229ceb79a1792823d87779959184a1bf95768e9248c93ae9f97c7a2f60376a1",
                "sha256:8a19e9f2fe69f6a44a5c156968d9fc8df56d09798d0c6a34ccc373bb186cee86",
                "sha256:8d10113ca826a4c29d5b85b2c4e045ffa8bad74fb525ee0eceb1d38d4c70dfd6",
                "sha256:be495b8ec5a939a7605274b6e59fbc35e76f5ad814ae010eb679529671c9e119",
                "sha256:dc2d3f3b1548f4d11786616cf0f4415e25b0fbecb8a1d2cd8c07568f13fdde38",
                "sha256:e4aecdd9d5a3d06c337894c9a6e2961898d3f64fe54ca920a72234a3de0f9cb3",
                "sha256:e79ab4485b99eacb2166f3212218dd858258f374855e1568f728462b0e6ee0d9",
                "sha256:f995d3667301e1754c57b04e0bae6f0fa9d710697a9f8d6712e8cca02550910f"
            ],
            "version": "==2.3.1"
        },
        "docopt": {
            "hashes": [
                "sha256:49b3a825280bd66b3aa83585ef59c4a8c82f2c8a522dbe754a8bc8d08c85c491"
            ],
            "index": "pypi",
            "version": "==0.6.2"
        },
        "docutils": {
            "hashes": [
                "sha256:02aec4bd92ab067f6ff27a38a38a41173bf01bed8f89157768c1573f53e474a6",
                "sha256:51e64ef2ebfb29cae1faa133b3710143496eca21c530f3f71424d77687764274",
                "sha256:7a4bd47eaf6596e1295ecb11361139febe29b084a87bf005bf899f9a42edc3c6"
            ],
            "version": "==0.14"
        },
        "h11": {
            "hashes": [
                "sha256:1c0fbb1cba6f809fe3e6b27f8f6d517ca171f848922708871403636143d530d9",
                "sha256:af77d5d82fa027c032650fb8afdef3cd0a3735ba01480bee908cddad9be1bdce"
            ],
            "version": "==0.7.0"
        },
        "h2": {
            "hashes": [
                "sha256:4be613e35caad5680dc48f98f3bf4e7338c7c429e6375a5137be7fbe45219981",
                "sha256:b2962f883fa392a23cbfcc4ad03c335bcc661be0cf9627657b589f0df2206e64"
            ],
            "version": "==3.0.1"
        },
        "hpack": {
            "hashes": [
                "sha256:0edd79eda27a53ba5be2dfabf3b15780928a0dff6eb0c60a3d6767720e970c89",
                "sha256:8eec9c1f4bfae3408a3f30500261f7e6a65912dc138526ea054f9ad98892e9d2"
            ],
            "version": "==3.0.0"
        },
        "hyperframe": {
            "hashes": [
                "sha256:87567c9eb1540de1e7f48805adf00e87856409342fdebd0cd20cf5d381c38b69",
                "sha256:a25944539db36d6a2e47689e7915dcee562b3f8d10c6cdfa0d53c91ed692fb04"
            ],
            "version": "==5.1.0"
        },
        "idna": {
            "hashes": [
                "sha256:156a6814fb5ac1fc6850fb002e0852d56c0c8d2531923a51032d1b70760e186e",
                "sha256:684a38a6f903c1d71d6d5fac066b58d7768af4de2b832e426ec79c30daa94a16"
            ],
            "version": "==2.7"
        },
        "jmespath": {
            "hashes": [
                "sha256:6a81d4c9aa62caf061cb517b4d9ad1dd300374cd4706997aff9cd6aedd61fc64",
                "sha256:f11b4461f425740a1d908e9a3f7365c3d2e569f6ca68a2ff8bc5bcd9676edd63"
            ],
            "version": "==0.9.3"
        },
        "kaitaistruct": {
            "hashes": [
                "sha256:d1d17c7f6839b3d28fc22b21295f787974786c2201e8788975e72e2a1d109ff5"
            ],
            "version": "==0.8"
        },
        "ldap3": {
            "hashes": [
                "sha256:cc09951809678cfb693a13a6011dd2d48ada60a52bd80cb4bd7dcc55ee7c02fd"
            ],
            "version": "==2.5.1"
        },
        "lxml": {
            "hashes": [
                "sha256:02bc220d61f46e9b9d5a53c361ef95e9f5e1d27171cd461dddb17677ae2289a5",
                "sha256:22f253b542a342755f6cfc047fe4d3a296515cf9b542bc6e261af45a80b8caf6",
                "sha256:2f31145c7ff665b330919bfa44aacd3a0211a76ca7e7b441039d2a0b0451e415",
                "sha256:36720698c29e7a9626a0dc802ef8885f8f0239bfd1689628ecd459a061f2807f",
                "sha256:438a1b0203545521f6616132bfe0f4bca86f8a401364008b30e2b26ec408ce85",
                "sha256:4815892904c336bbaf73dafd54f45f69f4021c22b5bad7332176bbf4fb830568",
                "sha256:5be031b0f15ad63910d8e5038b489d95a79929513b3634ad4babf77100602588",
                "sha256:5c93ae37c3c588e829b037fdfbd64a6e40c901d3f93f7beed6d724c44829a3ad",
                "sha256:60842230678674cdac4a1cf0f707ef12d75b9a4fc4a565add4f710b5fcf185d5",
                "sha256:62939a8bb6758d1bf923aa1c13f0bcfa9bf5b2fc0f5fa917a6e25db5fe0cfa4e",
                "sha256:75830c06a62fe7b8fe3bbb5f269f0b308f19f3949ac81cfd40062f47c1455faf",
                "sha256:81992565b74332c7c1aff6a913a3e906771aa81c9d0c68c68113cffcae45bc53",
                "sha256:8c892fb0ee52c594d9a7751c7d7356056a9682674b92cc1c4dc968ff0f30c52f",
                "sha256:9d862e3cf4fc1f2837dedce9c42269c8c76d027e49820a548ac89fdcee1e361f",
                "sha256:a623965c086a6e91bb703d4da62dabe59fe88888e82c4117d544e11fd74835d6",
                "sha256:a7783ab7f6a508b0510490cef9f857b763d796ba7476d9703f89722928d1e113",
                "sha256:aab09fbe8abfa3b9ce62aaf45aca2d28726b1b9ee44871dbe644050a2fff4940",
                "sha256:abf181934ac3ef193832fb973fd7f6149b5c531903c2ec0f1220941d73eee601",
                "sha256:ae07fa0c115733fce1e9da96a3ac3fa24801742ca17e917e0c79d63a01eeb843",
                "sha256:b9c78242219f674ab645ec571c9a95d70f381319a23911941cd2358a8e0521cf",
                "sha256:bccb267678b870d9782c3b44d0cefe3ba0e329f9af8c946d32bf3778e7a4f271",
                "sha256:c4df4d27f4c93b2cef74579f00b1d3a31a929c7d8023f870c4b476f03a274db4",
                "sha256:caf0e50b546bb60dfa99bb18dfa6748458a83131ecdceaf5c071d74907e7e78a",
                "sha256:d3266bd3ac59ac4edcd5fa75165dee80b94a3e5c91049df5f7c057ccf097551c",
                "sha256:db0d213987bcd4e6d41710fb4532b22315b0d8fb439ff901782234456556aed1",
                "sha256:dbbd5cf7690a40a9f0a9325ab480d0fccf46d16b378eefc08e195d84299bfae1",
                "sha256:e16e07a0ec3a75b5ee61f2b1003c35696738f937dc8148fbda9fe2147ccb6e61",
                "sha256:e175a006725c7faadbe69e791877d09936c0ef2cf49d01b60a6c1efcb0e8be6f",
                "sha256:edd9c13a97f6550f9da2236126bb51c092b3b1ce6187f2bd966533ad794bbb5e",
                "sha256:fa39ea60d527fbdd94215b5e5552f1c6a912624521093f1384a491a8ad89ad8b"
            ],
            "index": "pypi",
            "version": "==4.2.5"
        },
        "mitmproxy": {
            "hashes": [
                "sha256:e74869c7bf4e5b988fbe3a3d0039f430d1e1eeb5927abf2097183a711bf5b312"
            ],
            "index": "pypi",
            "version": "==4.0.4"
        },
        "ntlm-auth": {
            "hashes": [
                "sha256:7bc02a3fbdfee7275d3dc20fce8028ed8eb6d32364637f28be9e9ae9160c6d5c",
                "sha256:9b13eaf88f16a831637d75236a93d60c0049536715aafbf8190ba58a590b023e"
            ],
            "version": "==1.2.0"
        },
        "passlib": {
            "hashes": [
                "sha256:3d948f64138c25633613f303bcc471126eae67c04d5e3f6b7b8ce6242f8653e0",
                "sha256:43526aea08fa32c6b6dbbbe9963c4c767285b78147b7437597f992812f69d280"
            ],
            "version": "==1.7.1"
        },
        "pyasn1": {
            "hashes": [
                "sha256:b9d3abc5031e61927c82d4d96c1cec1e55676c1a991623cfed28faea73cdd7ca",
                "sha256:f58f2a3d12fd754aa123e9fa74fb7345333000a035f3921dbdaa08597aa53137"
            ],
            "version": "==0.4.4"
        },
        "pycparser": {
            "hashes": [
                "sha256:99a8ca03e29851d96616ad0404b4aad7d9ee16f25c9f9708a11faf2810f7b226"
            ],
            "version": "==2.18"
        },
        "pyopenssl": {
            "hashes": [
                "sha256:26ff56a6b5ecaf3a2a59f132681e2a80afcc76b4f902f612f518f92c2a1bf854",
                "sha256:6488f1423b00f73b7ad5167885312bb0ce410d3312eb212393795b53c8caa580"
            ],
            "version": "==18.0.0"
        },
        "pyparsing": {
            "hashes": [
                "sha256:0832bcf47acd283788593e7a0f542407bd9550a55a8a8435214a1960e04bcb04",
                "sha256:fee43f17a9c4087e7ed1605bd6df994c6173c1e977d7ade7b651292fab2bd010"
            ],
            "version": "==2.2.0"
        },
        "pyperclip": {
            "hashes": [
                "sha256:f70e83d27c445795b6bf98c2bc826bbf2d0d63d4c7f83091c8064439042ba0dc"
            ],
            "version": "==1.6.4"
        },
        "python-dateutil": {
            "hashes": [
                "sha256:1adb80e7a782c12e52ef9a8182bebeb73f1d7e24e374397af06fb4956c8dc5c0",
                "sha256:e27001de32f627c22380a688bcc43ce83504a7bc5da472209b4c70f02829f0b8"
            ],
            "markers": "python_version >= '2.7'",
            "version": "==2.7.3"
        },
        "requests": {
            "hashes": [
                "sha256:63b52e3c866428a224f97cab011de738c36aec0185aa91cfacd418b5d58911d1",
                "sha256:ec22d826a36ed72a7358ff3fe56cbd4ba69dd7a6718ffd450ff0e9df7a47ce6a"
            ],
            "index": "pypi",
            "version": "==2.19.1"
        },
        "requests-ntlm": {
            "hashes": [
                "sha256:1eb43d1026b64d431a8e0f1e8a8c8119ac698e72e9b95102018214411a8463ea",
                "sha256:9189c92e8c61ae91402a64b972c4802b2457ce6a799d658256ebf084d5c7eb71"
            ],
            "index": "pypi",
            "version": "==1.1.0"
        },
        "ruamel.yaml": {
            "hashes": [
                "sha256:168079da0531af8e422aa4b98b1f76bf2b06c0542a17599d4c59849987a52a0a",
                "sha256:1b3a2f1905789c1d77b377ec47c4c26e8bef716121f4350bb246396f6ffa123d",
                "sha256:2906196f61abd030d478d48a310a4217ea6f36c81867ecf384c261447580e6f4",
                "sha256:2edefae0e059f686447de3dc2879faafd36224eff9a96b565b2d0cfaeb418e93",
                "sha256:50a72ad09bdc8c7cd33816c43445606a72d0dd7e41e7fa87ef0329d14f71b15f",
                "sha256:5b572ae1af5090e5f9730754ee3db74afc249cd6ccd0b976a7aa886d7f166879",
                "sha256:678dbecbf3d9b5ce31baf4934818b736401e4d030452b8c15af2e89e409c7784",
                "sha256:6901599ed6b8096286118179cd57cc69d88aa3f506cfadfc18202bf702e85c91",
                "sha256:6c9c3ba0712fcbb626180f431f37b54f9f810a2a33e0c7477282e24782ca3910",
                "sha256:7a9f908837e82d6ec0c8956e42d0c4581ad9749eafe7854dfce8a6e516b1d8db",
                "sha256:84b2d5927e517c2f3fe8dac262bfa98b6ef657faa7302054b2ab9f708617794a",
                "sha256:86951f66535e3e22f00d0b11cac974ac82300ad51de68eeccd886bd2b0ef055c",
                "sha256:95f9711f502d1a70ed67b96d731bd356690fbafa646dc235de336204fd158b74",
                "sha256:97a1c1d2f864f992f39352a4982d5029d4ad02bd03f30623a0d86ad0824f0c27",
                "sha256:9bc8fd2b070621c07e1b2c4eaa9938fbfb84a7ef55d6ae26f8413292189d0241",
                "sha256:a7ac516a4645cb4078d994fd48a30ce63f5c782e1500ae65130cb836275dbe2b",
                "sha256:b6e4b4031b97d06fd556b7b7ae96eb4556fd07ff7d24604f443f57f481baf127",
                "sha256:c99b37f01027424079c4f883c4a39b0878fbdd9a25010872fc94bd63fcc49912",
                "sha256:e8209a0798409cce2ef4bcfe7520bb753515d85e9d575012bf76d66a96e21f77",
                "sha256:f08435b6736838e3347637fbc80ffbda847e20961f6661ca265ea198a08e4551",
                "sha256:f15a99b77c445c1278cc5015d9ab5a03ec00874ca0bfb47d7d0dab3516d032d7",
                "sha256:f1db67356460b699352ea4d5e85ce8a85a7e9104ea5b49be8326f32701eff426"
            ],
            "version": "==0.15.66"
        },
        "s3transfer": {
            "hashes": [
                "sha256:90dc18e028989c609146e241ea153250be451e05ecc0c2832565231dacdf59c1",
                "sha256:c7a9ec356982d5e9ab2d4b46391a7d6a950e2b04c472419f5fdec70cc0ada72f"
            ],
            "version": "==0.1.13"
        },
        "six": {
            "hashes": [
                "sha256:70e8a77beed4562e7f14fe23a786b54f6296e34344c23bc42f07b15018ff98e9",
                "sha256:832dc0e10feb1aa2c68dcc57dbb658f1c7e65b9b61af69048abc87a2db00a0eb"
            ],
            "version": "==1.11.0"
        },
        "sortedcontainers": {
            "hashes": [
                "sha256:220bb2e3e1886297fd7cdd6d164cb5cf237be1cfae1a3a3e526d149c52816682",
                "sha256:b74f2756fb5e23512572cc76f0fe0832fd86310f77dfee54335a35fb33f6b950"
            ],
            "version": "==2.0.5"
        },
        "termcolor": {
            "hashes": [
                "sha256:1d6d69ce66211143803fbc56652b41d73b4a400a2891d7bf7a1cdf4c02de613b"
            ],
            "index": "pypi",
            "version": "==1.1.0"
        },
        "tornado": {
            "hashes": [
                "sha256:0662d28b1ca9f67108c7e3b77afabfb9c7e87bde174fbda78186ecedc2499a9d",
                "sha256:4e5158d97583502a7e2739951553cbd88a72076f152b4b11b64b9a10c4c49409",
                "sha256:732e836008c708de2e89a31cb2fa6c0e5a70cb60492bee6f1ea1047500feaf7f",
                "sha256:8154ec22c450df4e06b35f131adc4f2f3a12ec85981a203301d310abf580500f",
                "sha256:8e9d728c4579682e837c92fdd98036bd5cdefa1da2aaf6acf26947e6dd0c01c5",
                "sha256:d4b3e5329f572f055b587efc57d29bd051589fb5a43ec8898c77a47ec2fa2bbb",
                "sha256:e5f2585afccbff22390cddac29849df463b252b711aa2ce7c5f3f342a5b3b444"
            ],
            "markers": "python_version != '3.3.*' and python_version != '3.0.*' and python_version != '3.2.*' and python_version != '3.1.*' and python_version >= '2.7'",
            "version": "==5.1.1"
        },
        "urllib3": {
            "hashes": [
                "sha256:a68ac5e15e76e7e5dd2b8f94007233e01effe3e50e8daddf69acfd81cb686baf",
                "sha256:b5725a0bd4ba422ab0e66e89e030c806576753ea3ee08554382c14e685d117b5"
            ],
            "markers": "python_version < '4' and python_version != '3.1.*' and python_version >= '2.6' and python_version != '3.2.*' and python_version != '3.3.*' and python_version != '3.0.*'",
            "version": "==1.23"
        },
        "urwid": {
            "hashes": [
                "sha256:644d3e3900867161a2fc9287a9762753d66bd194754679adb26aede559bcccbc"
            ],
            "version": "==2.0.1"
        },
        "wsproto": {
            "hashes": [
                "sha256:02f214f6bb43cda62a511e2e8f1d5fa4703ed83d376d18d042bd2bbf2e995824",
                "sha256:d2a7f718ab3144ec956a3267d57b5c172f0668827f5803e7d670837b0125b9fa"
            ],
            "version": "==0.11.0"
        }
    },
    "develop": {
        "appnope": {
            "hashes": [
                "sha256:5b26757dc6f79a3b7dc9fab95359328d5747fcb2409d331ea66d0272b90ab2a0",
                "sha256:8b995ffe925347a2138d7ac0fe77155e4311a0ea6d6da4f5128fe4b3cbe5ed71"
            ],
            "markers": "sys_platform == 'darwin'",
            "version": "==0.1.0"
        },
        "backcall": {
            "hashes": [
                "sha256:38ecd85be2c1e78f77fd91700c76e14667dc21e2713b63876c0eb901196e01e4",
                "sha256:bbbf4b1e5cd2bdb08f915895b51081c041bac22394fdfcfdfbe9f14b77c08bf2"
            ],
            "version": "==0.1.0"
        },
        "decorator": {
            "hashes": [
                "sha256:2c51dff8ef3c447388fe5e4453d24a2bf128d3a4c32af3fabef1f01c6851ab82",
                "sha256:c39efa13fbdeb4506c476c9b3babf6a718da943dab7811c206005a4a956c080c"
            ],
            "version": "==4.3.0"
        },
        "ipython": {
            "hashes": [
                "sha256:007dcd929c14631f83daff35df0147ea51d1af420da303fd078343878bd5fb62",
                "sha256:b0f2ef9eada4a68ef63ee10b6dde4f35c840035c50fd24265f8052c98947d5a4"
            ],
            "index": "pypi",
            "version": "==6.5.0"
        },
        "ipython-genutils": {
            "hashes": [
                "sha256:72dd37233799e619666c9f639a9da83c34013a73e8bbc79a7a6348d93c61fab8",
                "sha256:eb2e116e75ecef9d4d228fdc66af54269afa26ab4463042e33785b887c628ba8"
            ],
            "version": "==0.2.0"
        },
        "jedi": {
            "hashes": [
                "sha256:b409ed0f6913a701ed474a614a3bb46e6953639033e31f769ca7581da5bd1ec1",
                "sha256:c254b135fb39ad76e78d4d8f92765ebc9bf92cbc76f49e97ade1d5f5121e1f6f"
            ],
            "version": "==0.12.1"
        },
        "parso": {
            "hashes": [
                "sha256:35704a43a3c113cce4de228ddb39aab374b8004f4f2407d070b6a2ca784ce8a2",
                "sha256:895c63e93b94ac1e1690f5fdd40b65f07c8171e3e53cbd7793b5b96c0e0a7f24"
            ],
            "version": "==0.3.1"
        },
        "pexpect": {
            "hashes": [
                "sha256:2a8e88259839571d1251d278476f3eec5db26deb73a70be5ed5dc5435e418aba",
                "sha256:3fbd41d4caf27fa4a377bfd16fef87271099463e6fa73e92a52f92dfee5d425b"
            ],
            "markers": "sys_platform != 'win32'",
            "version": "==4.6.0"
        },
        "pickleshare": {
            "hashes": [
                "sha256:84a9257227dfdd6fe1b4be1319096c20eb85ff1e82c7932f36efccfe1b09737b",
                "sha256:c9a2541f25aeabc070f12f452e1f2a8eae2abd51e1cd19e8430402bdf4c1d8b5"
            ],
            "version": "==0.7.4"
        },
        "prompt-toolkit": {
            "hashes": [
                "sha256:1df952620eccb399c53ebb359cc7d9a8d3a9538cb34c5a1344bdbeb29fbcc381",
                "sha256:3f473ae040ddaa52b52f97f6b4a493cfa9f5920c255a12dc56a7d34397a398a4",
                "sha256:858588f1983ca497f1cf4ffde01d978a3ea02b01c8a26a8bbc5cd2e66d816917"
            ],
            "version": "==1.0.15"
        },
        "ptyprocess": {
            "hashes": [
                "sha256:923f299cc5ad920c68f2bc0bc98b75b9f838b93b599941a6b63ddbc2476394c0",
                "sha256:d7cc528d76e76342423ca640335bd3633420dc1366f258cb31d05e865ef5ca1f"
            ],
            "version": "==0.6.0"
        },
        "pygments": {
            "hashes": [
                "sha256:78f3f434bcc5d6ee09020f92ba487f95ba50f1e3ef83ae96b9d5ffa1bab25c5d",
                "sha256:dbae1046def0efb574852fab9e90209b23f556367b5a320c0bcb871c77c3e8cc"
            ],
            "version": "==2.2.0"
        },
        "simplegeneric": {
            "hashes": [
                "sha256:dc972e06094b9af5b855b3df4a646395e43d1c9d0d39ed345b7393560d0b9173"
            ],
            "version": "==0.8.1"
        },
        "six": {
            "hashes": [
                "sha256:70e8a77beed4562e7f14fe23a786b54f6296e34344c23bc42f07b15018ff98e9",
                "sha256:832dc0e10feb1aa2c68dcc57dbb658f1c7e65b9b61af69048abc87a2db00a0eb"
            ],
            "version": "==1.11.0"
        },
        "traitlets": {
            "hashes": [
                "sha256:9c4bd2d267b7153df9152698efb1050a5d84982d3384a37b2c1f7723ba3e7835",
                "sha256:c6cb5e6f57c5a9bdaa40fa71ce7b4af30298fbab9ece9815b5d995ab6217c7d9"
            ],
            "version": "==4.3.2"
        },
        "wcwidth": {
            "hashes": [
                "sha256:3df37372226d6e63e1b1e1eda15c594bca98a22d33a23832a90998faa96bc65e",
                "sha256:f4ebe71925af7b40a864553f761ed559b43544f8f71746c2d756c7fe788ade7c"
            ],
            "version": "==0.1.7"
        }
    }
}
